// !$*UTF8*$!
{
	archiveVersion = 1;
	classes = {
	};
	objectVersion = 46;
	objects = {

/* Begin PBXBuildFile section */
		661E95821D984B47001A62C3 /* AddNewSpendViewController.swift in Sources */ = {isa = PBXBuildFile; fileRef = 661E95801D984B47001A62C3 /* AddNewSpendViewController.swift */; };
		661E95831D984B47001A62C3 /* AddNewSpendViewController.swift in Sources */ = {isa = PBXBuildFile; fileRef = 661E95801D984B47001A62C3 /* AddNewSpendViewController.swift */; };
		661E95841D984B47001A62C3 /* AddNewSpendViewController.swift in Sources */ = {isa = PBXBuildFile; fileRef = 661E95801D984B47001A62C3 /* AddNewSpendViewController.swift */; };
		661E95851D984B47001A62C3 /* AddNewSpendViewController.xib in Resources */ = {isa = PBXBuildFile; fileRef = 661E95811D984B47001A62C3 /* AddNewSpendViewController.xib */; };
		661E95861D984B47001A62C3 /* AddNewSpendViewController.xib in Resources */ = {isa = PBXBuildFile; fileRef = 661E95811D984B47001A62C3 /* AddNewSpendViewController.xib */; };
		661E95871D984B47001A62C3 /* AddNewSpendViewController.xib in Resources */ = {isa = PBXBuildFile; fileRef = 661E95811D984B47001A62C3 /* AddNewSpendViewController.xib */; };
		661E958A1D984CB6001A62C3 /* AddNewSpendViewModel.swift in Sources */ = {isa = PBXBuildFile; fileRef = 661E95891D984CB6001A62C3 /* AddNewSpendViewModel.swift */; };
		661E958B1D984CB6001A62C3 /* AddNewSpendViewModel.swift in Sources */ = {isa = PBXBuildFile; fileRef = 661E95891D984CB6001A62C3 /* AddNewSpendViewModel.swift */; };
		661E958C1D984CB6001A62C3 /* AddNewSpendViewModel.swift in Sources */ = {isa = PBXBuildFile; fileRef = 661E95891D984CB6001A62C3 /* AddNewSpendViewModel.swift */; };
		661E958F1D98553B001A62C3 /* LGSpenderCellTableViewCell.swift in Sources */ = {isa = PBXBuildFile; fileRef = 661E958D1D98553B001A62C3 /* LGSpenderCellTableViewCell.swift */; };
		661E95901D98553B001A62C3 /* LGSpenderCellTableViewCell.swift in Sources */ = {isa = PBXBuildFile; fileRef = 661E958D1D98553B001A62C3 /* LGSpenderCellTableViewCell.swift */; };
		661E95911D98553B001A62C3 /* LGSpenderCellTableViewCell.swift in Sources */ = {isa = PBXBuildFile; fileRef = 661E958D1D98553B001A62C3 /* LGSpenderCellTableViewCell.swift */; };
		661E95921D98553B001A62C3 /* LGSpenderCellTableViewCell.xib in Resources */ = {isa = PBXBuildFile; fileRef = 661E958E1D98553B001A62C3 /* LGSpenderCellTableViewCell.xib */; };
		661E95931D98553B001A62C3 /* LGSpenderCellTableViewCell.xib in Resources */ = {isa = PBXBuildFile; fileRef = 661E958E1D98553B001A62C3 /* LGSpenderCellTableViewCell.xib */; };
		661E95941D98553B001A62C3 /* LGSpenderCellTableViewCell.xib in Resources */ = {isa = PBXBuildFile; fileRef = 661E958E1D98553B001A62C3 /* LGSpenderCellTableViewCell.xib */; };
		6621B4E41CAC383E0066FC87 /* icon_amex.png in Resources */ = {isa = PBXBuildFile; fileRef = 6621B4E11CAC383E0066FC87 /* icon_amex.png */; };
		6621B4E51CAC383E0066FC87 /* icon_cash.png in Resources */ = {isa = PBXBuildFile; fileRef = 6621B4E21CAC383E0066FC87 /* icon_cash.png */; };
		6621B4E61CAC383E0066FC87 /* icon_mastercard.jpg in Resources */ = {isa = PBXBuildFile; fileRef = 6621B4E31CAC383E0066FC87 /* icon_mastercard.jpg */; };
		6621B4E81CAC39F20066FC87 /* ExpenseCalculator.swift in Sources */ = {isa = PBXBuildFile; fileRef = 6621B4E71CAC39F20066FC87 /* ExpenseCalculator.swift */; };
		6621B4E91CAC39F20066FC87 /* ExpenseCalculator.swift in Sources */ = {isa = PBXBuildFile; fileRef = 6621B4E71CAC39F20066FC87 /* ExpenseCalculator.swift */; };
		66335E8B1C6D221000EA43C2 /* Expenses+CoreDataProperties.swift in Sources */ = {isa = PBXBuildFile; fileRef = 66335E891C6D221000EA43C2 /* Expenses+CoreDataProperties.swift */; };
		66335E8C1C6D221000EA43C2 /* Expenses.swift in Sources */ = {isa = PBXBuildFile; fileRef = 66335E8A1C6D221000EA43C2 /* Expenses.swift */; };
		66506A451CAC2C8D00AC6D5D /* Icon-60.png in Resources */ = {isa = PBXBuildFile; fileRef = 66506A3E1CAC2C8D00AC6D5D /* Icon-60.png */; };
		66506A461CAC2C8D00AC6D5D /* Icon-72.png in Resources */ = {isa = PBXBuildFile; fileRef = 66506A3F1CAC2C8D00AC6D5D /* Icon-72.png */; };
		66506A471CAC2C8D00AC6D5D /* Icon-72@2x.png in Resources */ = {isa = PBXBuildFile; fileRef = 66506A401CAC2C8D00AC6D5D /* Icon-72@2x.png */; };
		66506A481CAC2C8D00AC6D5D /* Icon-Small-50.png in Resources */ = {isa = PBXBuildFile; fileRef = 66506A411CAC2C8D00AC6D5D /* Icon-Small-50.png */; };
		66506A491CAC2C8D00AC6D5D /* Icon-Small-50@2x.png in Resources */ = {isa = PBXBuildFile; fileRef = 66506A421CAC2C8D00AC6D5D /* Icon-Small-50@2x.png */; };
		66506A4A1CAC2C8D00AC6D5D /* Icon.png in Resources */ = {isa = PBXBuildFile; fileRef = 66506A431CAC2C8D00AC6D5D /* Icon.png */; };
		66506A4B1CAC2C8D00AC6D5D /* Icon@2x.png in Resources */ = {isa = PBXBuildFile; fileRef = 66506A441CAC2C8D00AC6D5D /* Icon@2x.png */; };
		666000811D9DD2A600C216CC /* ResumenViewController.swift in Sources */ = {isa = PBXBuildFile; fileRef = 6660007F1D9DD2A600C216CC /* ResumenViewController.swift */; };
		666000821D9DD2A600C216CC /* ResumenViewController.xib in Resources */ = {isa = PBXBuildFile; fileRef = 666000801D9DD2A600C216CC /* ResumenViewController.xib */; };
		666000841D9DD2BB00C216CC /* ResumenViewModel.swift in Sources */ = {isa = PBXBuildFile; fileRef = 666000831D9DD2BB00C216CC /* ResumenViewModel.swift */; };
		66A7889E1D8D9F2D00E4B9E0 /* PrincipalViewController.swift in Sources */ = {isa = PBXBuildFile; fileRef = 66A7889C1D8D9F2C00E4B9E0 /* PrincipalViewController.swift */; };
		66A7889F1D8D9F2D00E4B9E0 /* PrincipalViewController.swift in Sources */ = {isa = PBXBuildFile; fileRef = 66A7889C1D8D9F2C00E4B9E0 /* PrincipalViewController.swift */; };
		66A788A01D8D9F2D00E4B9E0 /* PrincipalViewController.swift in Sources */ = {isa = PBXBuildFile; fileRef = 66A7889C1D8D9F2C00E4B9E0 /* PrincipalViewController.swift */; };
		66A788A11D8D9F2D00E4B9E0 /* PrincipalViewController.xib in Resources */ = {isa = PBXBuildFile; fileRef = 66A7889D1D8D9F2D00E4B9E0 /* PrincipalViewController.xib */; };
		66A788A21D8D9F2D00E4B9E0 /* PrincipalViewController.xib in Resources */ = {isa = PBXBuildFile; fileRef = 66A7889D1D8D9F2D00E4B9E0 /* PrincipalViewController.xib */; };
		66A788A31D8D9F2D00E4B9E0 /* PrincipalViewController.xib in Resources */ = {isa = PBXBuildFile; fileRef = 66A7889D1D8D9F2D00E4B9E0 /* PrincipalViewController.xib */; };
		66A788A61D8D9F5100E4B9E0 /* PrincipalViewModel.swift in Sources */ = {isa = PBXBuildFile; fileRef = 66A788A51D8D9F5100E4B9E0 /* PrincipalViewModel.swift */; };
		66A788A71D8D9F5100E4B9E0 /* PrincipalViewModel.swift in Sources */ = {isa = PBXBuildFile; fileRef = 66A788A51D8D9F5100E4B9E0 /* PrincipalViewModel.swift */; };
		66A788A81D8D9F5100E4B9E0 /* PrincipalViewModel.swift in Sources */ = {isa = PBXBuildFile; fileRef = 66A788A51D8D9F5100E4B9E0 /* PrincipalViewModel.swift */; };
		66A788F11D97151500E4B9E0 /* LGGastosModel.swift in Sources */ = {isa = PBXBuildFile; fileRef = 66A788F01D97151500E4B9E0 /* LGGastosModel.swift */; };
		66A788F21D97151500E4B9E0 /* LGGastosModel.swift in Sources */ = {isa = PBXBuildFile; fileRef = 66A788F01D97151500E4B9E0 /* LGGastosModel.swift */; };
		66A788F31D97151500E4B9E0 /* LGGastosModel.swift in Sources */ = {isa = PBXBuildFile; fileRef = 66A788F01D97151500E4B9E0 /* LGGastosModel.swift */; };
		66C0DBC41D18C5FD003F395B /* LGExpenseTests.swift in Sources */ = {isa = PBXBuildFile; fileRef = 66C0DBC21D18C5FD003F395B /* LGExpenseTests.swift */; };
		66C0DBC81D1985DD003F395B /* Expenses.swift in Sources */ = {isa = PBXBuildFile; fileRef = 66335E8A1C6D221000EA43C2 /* Expenses.swift */; };
		66C0DBC91D198607003F395B /* Expenses.swift in Sources */ = {isa = PBXBuildFile; fileRef = 66335E8A1C6D221000EA43C2 /* Expenses.swift */; };
		66C0DBCA1D1987A4003F395B /* sExpenses.xcdatamodeld in Sources */ = {isa = PBXBuildFile; fileRef = 66E6DAFB1C3B303D004DF518 /* sExpenses.xcdatamodeld */; };
		66C0DBCB1D1987A5003F395B /* sExpenses.xcdatamodeld in Sources */ = {isa = PBXBuildFile; fileRef = 66E6DAFB1C3B303D004DF518 /* sExpenses.xcdatamodeld */; };
		66C0DBCC1D19888B003F395B /* Expenses+CoreDataProperties.swift in Sources */ = {isa = PBXBuildFile; fileRef = 66335E891C6D221000EA43C2 /* Expenses+CoreDataProperties.swift */; };
		66C0DBCD1D19888B003F395B /* Expenses+CoreDataProperties.swift in Sources */ = {isa = PBXBuildFile; fileRef = 66335E891C6D221000EA43C2 /* Expenses+CoreDataProperties.swift */; };
		66E6DAF51C3B303D004DF518 /* AppDelegate.swift in Sources */ = {isa = PBXBuildFile; fileRef = 66E6DAF41C3B303D004DF518 /* AppDelegate.swift */; };
		66E6DAFA1C3B303D004DF518 /* Main.storyboard in Resources */ = {isa = PBXBuildFile; fileRef = 66E6DAF81C3B303D004DF518 /* Main.storyboard */; };
		66E6DAFD1C3B303D004DF518 /* sExpenses.xcdatamodeld in Sources */ = {isa = PBXBuildFile; fileRef = 66E6DAFB1C3B303D004DF518 /* sExpenses.xcdatamodeld */; };
		66E6DAFF1C3B303D004DF518 /* Assets.xcassets in Resources */ = {isa = PBXBuildFile; fileRef = 66E6DAFE1C3B303D004DF518 /* Assets.xcassets */; };
		66E6DB021C3B303D004DF518 /* LaunchScreen.storyboard in Resources */ = {isa = PBXBuildFile; fileRef = 66E6DB001C3B303D004DF518 /* LaunchScreen.storyboard */; };
		66E6DB0D1C3B303E004DF518 /* sExpensesTests.swift in Sources */ = {isa = PBXBuildFile; fileRef = 66E6DB0C1C3B303E004DF518 /* sExpensesTests.swift */; };
		66E6DB2F1C3B352D004DF518 /* icon_visa.png in Resources */ = {isa = PBXBuildFile; fileRef = 66E6DB2E1C3B352D004DF518 /* icon_visa.png */; };
		66E6DB301C3B352D004DF518 /* icon_visa.png in Resources */ = {isa = PBXBuildFile; fileRef = 66E6DB2E1C3B352D004DF518 /* icon_visa.png */; };
		66E6DB311C3B352D004DF518 /* icon_visa.png in Resources */ = {isa = PBXBuildFile; fileRef = 66E6DB2E1C3B352D004DF518 /* icon_visa.png */; };
		66E6DB451C3C6BF2004DF518 /* LGExpense.swift in Sources */ = {isa = PBXBuildFile; fileRef = 66E6DB441C3C6BF2004DF518 /* LGExpense.swift */; };
		66E6DB461C3C6BF2004DF518 /* LGExpense.swift in Sources */ = {isa = PBXBuildFile; fileRef = 66E6DB441C3C6BF2004DF518 /* LGExpense.swift */; };
		66E6DB471C3C6BF2004DF518 /* LGExpense.swift in Sources */ = {isa = PBXBuildFile; fileRef = 66E6DB441C3C6BF2004DF518 /* LGExpense.swift */; };
/* End PBXBuildFile section */

/* Begin PBXContainerItemProxy section */
		66E6DB091C3B303D004DF518 /* PBXContainerItemProxy */ = {
			isa = PBXContainerItemProxy;
			containerPortal = 66E6DAE91C3B303D004DF518 /* Project object */;
			proxyType = 1;
			remoteGlobalIDString = 66E6DAF01C3B303D004DF518;
			remoteInfo = sExpenses;
		};
		66E6DB141C3B303E004DF518 /* PBXContainerItemProxy */ = {
			isa = PBXContainerItemProxy;
			containerPortal = 66E6DAE91C3B303D004DF518 /* Project object */;
			proxyType = 1;
			remoteGlobalIDString = 66E6DAF01C3B303D004DF518;
			remoteInfo = sExpenses;
		};
/* End PBXContainerItemProxy section */

/* Begin PBXFileReference section */
		661E95801D984B47001A62C3 /* AddNewSpendViewController.swift */ = {isa = PBXFileReference; fileEncoding = 4; lastKnownFileType = sourcecode.swift; name = AddNewSpendViewController.swift; path = Clases/AddNewSpend/AddNewSpendViewController.swift; sourceTree = "<group>"; };
		661E95811D984B47001A62C3 /* AddNewSpendViewController.xib */ = {isa = PBXFileReference; fileEncoding = 4; lastKnownFileType = file.xib; name = AddNewSpendViewController.xib; path = Clases/AddNewSpend/AddNewSpendViewController.xib; sourceTree = "<group>"; };
		661E95891D984CB6001A62C3 /* AddNewSpendViewModel.swift */ = {isa = PBXFileReference; fileEncoding = 4; lastKnownFileType = sourcecode.swift; name = AddNewSpendViewModel.swift; path = Clases/AddNewSpend/AddNewSpendViewModel.swift; sourceTree = "<group>"; };
		661E958D1D98553B001A62C3 /* LGSpenderCellTableViewCell.swift */ = {isa = PBXFileReference; fileEncoding = 4; lastKnownFileType = sourcecode.swift; path = LGSpenderCellTableViewCell.swift; sourceTree = "<group>"; };
		661E958E1D98553B001A62C3 /* LGSpenderCellTableViewCell.xib */ = {isa = PBXFileReference; fileEncoding = 4; lastKnownFileType = file.xib; path = LGSpenderCellTableViewCell.xib; sourceTree = "<group>"; };
		6621B4E11CAC383E0066FC87 /* icon_amex.png */ = {isa = PBXFileReference; lastKnownFileType = image.png; name = icon_amex.png; path = Art/icon_amex.png; sourceTree = SOURCE_ROOT; };
		6621B4E21CAC383E0066FC87 /* icon_cash.png */ = {isa = PBXFileReference; lastKnownFileType = image.png; name = icon_cash.png; path = Art/icon_cash.png; sourceTree = SOURCE_ROOT; };
		6621B4E31CAC383E0066FC87 /* icon_mastercard.jpg */ = {isa = PBXFileReference; lastKnownFileType = image.jpeg; name = icon_mastercard.jpg; path = Art/icon_mastercard.jpg; sourceTree = SOURCE_ROOT; };
		6621B4E71CAC39F20066FC87 /* ExpenseCalculator.swift */ = {isa = PBXFileReference; fileEncoding = 4; lastKnownFileType = sourcecode.swift; path = ExpenseCalculator.swift; sourceTree = "<group>"; };
		66335E891C6D221000EA43C2 /* Expenses+CoreDataProperties.swift */ = {isa = PBXFileReference; fileEncoding = 4; lastKnownFileType = sourcecode.swift; path = "Expenses+CoreDataProperties.swift"; sourceTree = "<group>"; };
		66335E8A1C6D221000EA43C2 /* Expenses.swift */ = {isa = PBXFileReference; fileEncoding = 4; lastKnownFileType = sourcecode.swift; path = Expenses.swift; sourceTree = "<group>"; };
		66506A3E1CAC2C8D00AC6D5D /* Icon-60.png */ = {isa = PBXFileReference; lastKnownFileType = image.png; name = "Icon-60.png"; path = "Art/Iconos/ios/Icon-60.png"; sourceTree = SOURCE_ROOT; };
		66506A3F1CAC2C8D00AC6D5D /* Icon-72.png */ = {isa = PBXFileReference; lastKnownFileType = image.png; name = "Icon-72.png"; path = "Art/Iconos/ios/Icon-72.png"; sourceTree = SOURCE_ROOT; };
		66506A401CAC2C8D00AC6D5D /* Icon-72@2x.png */ = {isa = PBXFileReference; lastKnownFileType = image.png; name = "Icon-72@2x.png"; path = "Art/Iconos/ios/Icon-72@2x.png"; sourceTree = SOURCE_ROOT; };
		66506A411CAC2C8D00AC6D5D /* Icon-Small-50.png */ = {isa = PBXFileReference; lastKnownFileType = image.png; name = "Icon-Small-50.png"; path = "Art/Iconos/ios/Icon-Small-50.png"; sourceTree = SOURCE_ROOT; };
		66506A421CAC2C8D00AC6D5D /* Icon-Small-50@2x.png */ = {isa = PBXFileReference; lastKnownFileType = image.png; name = "Icon-Small-50@2x.png"; path = "Art/Iconos/ios/Icon-Small-50@2x.png"; sourceTree = SOURCE_ROOT; };
		66506A431CAC2C8D00AC6D5D /* Icon.png */ = {isa = PBXFileReference; lastKnownFileType = image.png; name = Icon.png; path = Art/Iconos/ios/Icon.png; sourceTree = SOURCE_ROOT; };
		66506A441CAC2C8D00AC6D5D /* Icon@2x.png */ = {isa = PBXFileReference; lastKnownFileType = image.png; name = "Icon@2x.png"; path = "Art/Iconos/ios/Icon@2x.png"; sourceTree = SOURCE_ROOT; };
		6660007F1D9DD2A600C216CC /* ResumenViewController.swift */ = {isa = PBXFileReference; fileEncoding = 4; lastKnownFileType = sourcecode.swift; path = ResumenViewController.swift; sourceTree = "<group>"; };
		666000801D9DD2A600C216CC /* ResumenViewController.xib */ = {isa = PBXFileReference; fileEncoding = 4; lastKnownFileType = file.xib; path = ResumenViewController.xib; sourceTree = "<group>"; };
		666000831D9DD2BB00C216CC /* ResumenViewModel.swift */ = {isa = PBXFileReference; fileEncoding = 4; lastKnownFileType = sourcecode.swift; path = ResumenViewModel.swift; sourceTree = "<group>"; };
		66A7889C1D8D9F2C00E4B9E0 /* PrincipalViewController.swift */ = {isa = PBXFileReference; fileEncoding = 4; lastKnownFileType = sourcecode.swift; name = PrincipalViewController.swift; path = Clases/PrincipalViewController/PrincipalViewController.swift; sourceTree = "<group>"; };
		66A7889D1D8D9F2D00E4B9E0 /* PrincipalViewController.xib */ = {isa = PBXFileReference; fileEncoding = 4; lastKnownFileType = file.xib; name = PrincipalViewController.xib; path = Clases/PrincipalViewController/PrincipalViewController.xib; sourceTree = "<group>"; };
		66A788A51D8D9F5100E4B9E0 /* PrincipalViewModel.swift */ = {isa = PBXFileReference; fileEncoding = 4; lastKnownFileType = sourcecode.swift; name = PrincipalViewModel.swift; path = Clases/PrincipalViewController/PrincipalViewModel.swift; sourceTree = "<group>"; };
		66A788F01D97151500E4B9E0 /* LGGastosModel.swift */ = {isa = PBXFileReference; fileEncoding = 4; lastKnownFileType = sourcecode.swift; name = LGGastosModel.swift; path = Clases/PrincipalViewController/LGGastosModel.swift; sourceTree = "<group>"; };
		66C0DBC21D18C5FD003F395B /* LGExpenseTests.swift */ = {isa = PBXFileReference; fileEncoding = 4; lastKnownFileType = sourcecode.swift; path = LGExpenseTests.swift; sourceTree = "<group>"; };
		66E6DAF11C3B303D004DF518 /* sExpenses.app */ = {isa = PBXFileReference; explicitFileType = wrapper.application; includeInIndex = 0; path = sExpenses.app; sourceTree = BUILT_PRODUCTS_DIR; };
		66E6DAF41C3B303D004DF518 /* AppDelegate.swift */ = {isa = PBXFileReference; lastKnownFileType = sourcecode.swift; path = AppDelegate.swift; sourceTree = "<group>"; };
		66E6DAF91C3B303D004DF518 /* Base */ = {isa = PBXFileReference; lastKnownFileType = file.storyboard; name = Base; path = Base.lproj/Main.storyboard; sourceTree = "<group>"; };
		66E6DAFC1C3B303D004DF518 /* sExpenses.xcdatamodel */ = {isa = PBXFileReference; lastKnownFileType = wrapper.xcdatamodel; path = sExpenses.xcdatamodel; sourceTree = "<group>"; };
		66E6DAFE1C3B303D004DF518 /* Assets.xcassets */ = {isa = PBXFileReference; lastKnownFileType = folder.assetcatalog; path = Assets.xcassets; sourceTree = "<group>"; };
		66E6DB011C3B303D004DF518 /* Base */ = {isa = PBXFileReference; lastKnownFileType = file.storyboard; name = Base; path = Base.lproj/LaunchScreen.storyboard; sourceTree = "<group>"; };
		66E6DB031C3B303D004DF518 /* Info.plist */ = {isa = PBXFileReference; lastKnownFileType = text.plist.xml; path = Info.plist; sourceTree = "<group>"; };
		66E6DB081C3B303D004DF518 /* sExpensesTests.xctest */ = {isa = PBXFileReference; explicitFileType = wrapper.cfbundle; includeInIndex = 0; path = sExpensesTests.xctest; sourceTree = BUILT_PRODUCTS_DIR; };
		66E6DB0C1C3B303E004DF518 /* sExpensesTests.swift */ = {isa = PBXFileReference; lastKnownFileType = sourcecode.swift; path = sExpensesTests.swift; sourceTree = "<group>"; };
		66E6DB0E1C3B303E004DF518 /* Info.plist */ = {isa = PBXFileReference; lastKnownFileType = text.plist.xml; path = Info.plist; sourceTree = "<group>"; };
		66E6DB131C3B303E004DF518 /* sExpensesUITests.xctest */ = {isa = PBXFileReference; explicitFileType = wrapper.cfbundle; includeInIndex = 0; path = sExpensesUITests.xctest; sourceTree = BUILT_PRODUCTS_DIR; };
		66E6DB2E1C3B352D004DF518 /* icon_visa.png */ = {isa = PBXFileReference; lastKnownFileType = image.png; name = icon_visa.png; path = Art/icon_visa.png; sourceTree = SOURCE_ROOT; };
		66E6DB441C3C6BF2004DF518 /* LGExpense.swift */ = {isa = PBXFileReference; fileEncoding = 4; lastKnownFileType = sourcecode.swift; path = LGExpense.swift; sourceTree = "<group>"; };
/* End PBXFileReference section */

/* Begin PBXFrameworksBuildPhase section */
		66E6DAEE1C3B303D004DF518 /* Frameworks */ = {
			isa = PBXFrameworksBuildPhase;
			buildActionMask = 2147483647;
			files = (
			);
			runOnlyForDeploymentPostprocessing = 0;
		};
		66E6DB051C3B303D004DF518 /* Frameworks */ = {
			isa = PBXFrameworksBuildPhase;
			buildActionMask = 2147483647;
			files = (
			);
			runOnlyForDeploymentPostprocessing = 0;
		};
		66E6DB101C3B303E004DF518 /* Frameworks */ = {
			isa = PBXFrameworksBuildPhase;
			buildActionMask = 2147483647;
			files = (
			);
			runOnlyForDeploymentPostprocessing = 0;
		};
/* End PBXFrameworksBuildPhase section */

/* Begin PBXGroup section */
		661E95881D984B51001A62C3 /* AddNewSpend */ = {
			isa = PBXGroup;
			children = (
				661E95801D984B47001A62C3 /* AddNewSpendViewController.swift */,
				661E95891D984CB6001A62C3 /* AddNewSpendViewModel.swift */,
				661E95811D984B47001A62C3 /* AddNewSpendViewController.xib */,
			);
			name = AddNewSpend;
			sourceTree = "<group>";
		};
		661E95951D985540001A62C3 /* LGSpenderTableViewCell */ = {
			isa = PBXGroup;
			children = (
				661E958D1D98553B001A62C3 /* LGSpenderCellTableViewCell.swift */,
				661E958E1D98553B001A62C3 /* LGSpenderCellTableViewCell.xib */,
			);
			name = LGSpenderTableViewCell;
			sourceTree = "<group>";
		};
		66506A3D1CAC2C7100AC6D5D /* Iconos */ = {
			isa = PBXGroup;
			children = (
				66506A3E1CAC2C8D00AC6D5D /* Icon-60.png */,
				66506A3F1CAC2C8D00AC6D5D /* Icon-72.png */,
				66506A401CAC2C8D00AC6D5D /* Icon-72@2x.png */,
				66506A411CAC2C8D00AC6D5D /* Icon-Small-50.png */,
				66506A421CAC2C8D00AC6D5D /* Icon-Small-50@2x.png */,
				66506A431CAC2C8D00AC6D5D /* Icon.png */,
				66506A441CAC2C8D00AC6D5D /* Icon@2x.png */,
			);
			name = Iconos;
			sourceTree = "<group>";
		};
		667A58E51C48260E00A0E78B /* Components */ = {
			isa = PBXGroup;
			children = (
				66E6DB2D1C3B351E004DF518 /* Art */,
				66E6DB001C3B303D004DF518 /* LaunchScreen.storyboard */,
				66E6DAF81C3B303D004DF518 /* Main.storyboard */,
			);
			name = Components;
			sourceTree = "<group>";
		};
		66A788A41D8D9F3100E4B9E0 /* VistaPrincipal */ = {
			isa = PBXGroup;
			children = (
				66A7889C1D8D9F2C00E4B9E0 /* PrincipalViewController.swift */,
				66A788A51D8D9F5100E4B9E0 /* PrincipalViewModel.swift */,
				66A7889D1D8D9F2D00E4B9E0 /* PrincipalViewController.xib */,
			);
			name = VistaPrincipal;
			sourceTree = "<group>";
		};
		66C0DBBB1D18BA8A003F395B /* Resumen */ = {
			isa = PBXGroup;
			children = (
				6660007F1D9DD2A600C216CC /* ResumenViewController.swift */,
				666000831D9DD2BB00C216CC /* ResumenViewModel.swift */,
				666000801D9DD2A600C216CC /* ResumenViewController.xib */,
			);
			name = Resumen;
			sourceTree = "<group>";
		};
		66E6DAE81C3B303D004DF518 = {
			isa = PBXGroup;
			children = (
				66E6DAF31C3B303D004DF518 /* sExpenses */,
				66E6DB0B1C3B303D004DF518 /* sExpensesTests */,
				66E6DAF21C3B303D004DF518 /* Products */,
			);
			sourceTree = "<group>";
		};
		66E6DAF21C3B303D004DF518 /* Products */ = {
			isa = PBXGroup;
			children = (
				66E6DAF11C3B303D004DF518 /* sExpenses.app */,
				66E6DB081C3B303D004DF518 /* sExpensesTests.xctest */,
				66E6DB131C3B303E004DF518 /* sExpensesUITests.xctest */,
			);
			name = Products;
			sourceTree = "<group>";
		};
		66E6DAF31C3B303D004DF518 /* sExpenses */ = {
			isa = PBXGroup;
			children = (
				66E6DAF41C3B303D004DF518 /* AppDelegate.swift */,
				66E6DB421C3C6BC3004DF518 /* Uses Cases */,
				66E6DB431C3C6BD2004DF518 /* Models */,
				667A58E51C48260E00A0E78B /* Components */,
				66E6DB031C3B303D004DF518 /* Info.plist */,
			);
			path = sExpenses;
			sourceTree = "<group>";
		};
		66E6DB0B1C3B303D004DF518 /* sExpensesTests */ = {
			isa = PBXGroup;
			children = (
				66E6DB0C1C3B303E004DF518 /* sExpensesTests.swift */,
				66C0DBC21D18C5FD003F395B /* LGExpenseTests.swift */,
				66E6DB0E1C3B303E004DF518 /* Info.plist */,
			);
			path = sExpensesTests;
			sourceTree = "<group>";
		};
		66E6DB2D1C3B351E004DF518 /* Art */ = {
			isa = PBXGroup;
			children = (
				66E6DAFE1C3B303D004DF518 /* Assets.xcassets */,
				66506A3D1CAC2C7100AC6D5D /* Iconos */,
				66E6DB2E1C3B352D004DF518 /* icon_visa.png */,
				6621B4E11CAC383E0066FC87 /* icon_amex.png */,
				6621B4E21CAC383E0066FC87 /* icon_cash.png */,
				6621B4E31CAC383E0066FC87 /* icon_mastercard.jpg */,
			);
			name = Art;
			sourceTree = "<group>";
		};
		66E6DB421C3C6BC3004DF518 /* Uses Cases */ = {
			isa = PBXGroup;
			children = (
				661E95881D984B51001A62C3 /* AddNewSpend */,
				66A788A41D8D9F3100E4B9E0 /* VistaPrincipal */,
				661E95951D985540001A62C3 /* LGSpenderTableViewCell */,
				66C0DBBB1D18BA8A003F395B /* Resumen */,
			);
			name = "Uses Cases";
			sourceTree = "<group>";
		};
		66E6DB431C3C6BD2004DF518 /* Models */ = {
			isa = PBXGroup;
			children = (
				66A788F01D97151500E4B9E0 /* LGGastosModel.swift */,
				66E6DB441C3C6BF2004DF518 /* LGExpense.swift */,
				66335E8A1C6D221000EA43C2 /* Expenses.swift */,
				6621B4E71CAC39F20066FC87 /* ExpenseCalculator.swift */,
				66335E891C6D221000EA43C2 /* Expenses+CoreDataProperties.swift */,
				66E6DAFB1C3B303D004DF518 /* sExpenses.xcdatamodeld */,
			);
			name = Models;
			sourceTree = "<group>";
		};
/* End PBXGroup section */

/* Begin PBXNativeTarget section */
		66E6DAF01C3B303D004DF518 /* sExpenses */ = {
			isa = PBXNativeTarget;
			buildConfigurationList = 66E6DB1C1C3B303E004DF518 /* Build configuration list for PBXNativeTarget "sExpenses" */;
			buildPhases = (
				66E6DAED1C3B303D004DF518 /* Sources */,
				66E6DAEE1C3B303D004DF518 /* Frameworks */,
				66E6DAEF1C3B303D004DF518 /* Resources */,
			);
			buildRules = (
			);
			dependencies = (
			);
			name = sExpenses;
			productName = sExpenses;
			productReference = 66E6DAF11C3B303D004DF518 /* sExpenses.app */;
			productType = "com.apple.product-type.application";
		};
		66E6DB071C3B303D004DF518 /* sExpensesTests */ = {
			isa = PBXNativeTarget;
			buildConfigurationList = 66E6DB1F1C3B303E004DF518 /* Build configuration list for PBXNativeTarget "sExpensesTests" */;
			buildPhases = (
				66E6DB041C3B303D004DF518 /* Sources */,
				66E6DB051C3B303D004DF518 /* Frameworks */,
				66E6DB061C3B303D004DF518 /* Resources */,
			);
			buildRules = (
			);
			dependencies = (
				66E6DB0A1C3B303D004DF518 /* PBXTargetDependency */,
			);
			name = sExpensesTests;
			productName = sExpensesTests;
			productReference = 66E6DB081C3B303D004DF518 /* sExpensesTests.xctest */;
			productType = "com.apple.product-type.bundle.unit-test";
		};
		66E6DB121C3B303E004DF518 /* sExpensesUITests */ = {
			isa = PBXNativeTarget;
			buildConfigurationList = 66E6DB221C3B303E004DF518 /* Build configuration list for PBXNativeTarget "sExpensesUITests" */;
			buildPhases = (
				66E6DB0F1C3B303E004DF518 /* Sources */,
				66E6DB101C3B303E004DF518 /* Frameworks */,
				66E6DB111C3B303E004DF518 /* Resources */,
			);
			buildRules = (
			);
			dependencies = (
				66E6DB151C3B303E004DF518 /* PBXTargetDependency */,
			);
			name = sExpensesUITests;
			productName = sExpensesUITests;
			productReference = 66E6DB131C3B303E004DF518 /* sExpensesUITests.xctest */;
			productType = "com.apple.product-type.bundle.ui-testing";
		};
/* End PBXNativeTarget section */

/* Begin PBXProject section */
		66E6DAE91C3B303D004DF518 /* Project object */ = {
			isa = PBXProject;
			attributes = {
				KnownAssetTags = (
					New,
				);
				LastSwiftUpdateCheck = 0720;
				LastUpgradeCheck = 0800;
				ORGANIZATIONNAME = "LandhGames™";
				TargetAttributes = {
					66E6DAF01C3B303D004DF518 = {
						CreatedOnToolsVersion = 7.0;
						LastSwiftMigration = 0800;
					};
					66E6DB071C3B303D004DF518 = {
						CreatedOnToolsVersion = 7.0;
						LastSwiftMigration = 0800;
						TestTargetID = 66E6DAF01C3B303D004DF518;
					};
					66E6DB121C3B303E004DF518 = {
						CreatedOnToolsVersion = 7.0;
						LastSwiftMigration = 0800;
						TestTargetID = 66E6DAF01C3B303D004DF518;
					};
				};
			};
			buildConfigurationList = 66E6DAEC1C3B303D004DF518 /* Build configuration list for PBXProject "sExpenses" */;
			compatibilityVersion = "Xcode 3.2";
			developmentRegion = English;
			hasScannedForEncodings = 0;
			knownRegions = (
				en,
				Base,
			);
			mainGroup = 66E6DAE81C3B303D004DF518;
			productRefGroup = 66E6DAF21C3B303D004DF518 /* Products */;
			projectDirPath = "";
			projectRoot = "";
			targets = (
				66E6DAF01C3B303D004DF518 /* sExpenses */,
				66E6DB071C3B303D004DF518 /* sExpensesTests */,
				66E6DB121C3B303E004DF518 /* sExpensesUITests */,
			);
		};
/* End PBXProject section */

/* Begin PBXResourcesBuildPhase section */
		66E6DAEF1C3B303D004DF518 /* Resources */ = {
			isa = PBXResourcesBuildPhase;
			buildActionMask = 2147483647;
			files = (
				66E6DB021C3B303D004DF518 /* LaunchScreen.storyboard in Resources */,
				66506A4B1CAC2C8D00AC6D5D /* Icon@2x.png in Resources */,
				66E6DAFF1C3B303D004DF518 /* Assets.xcassets in Resources */,
				6621B4E51CAC383E0066FC87 /* icon_cash.png in Resources */,
				6621B4E61CAC383E0066FC87 /* icon_mastercard.jpg in Resources */,
				66506A491CAC2C8D00AC6D5D /* Icon-Small-50@2x.png in Resources */,
				666000821D9DD2A600C216CC /* ResumenViewController.xib in Resources */,
				66506A471CAC2C8D00AC6D5D /* Icon-72@2x.png in Resources */,
				66A788A11D8D9F2D00E4B9E0 /* PrincipalViewController.xib in Resources */,
				66506A481CAC2C8D00AC6D5D /* Icon-Small-50.png in Resources */,
				66506A451CAC2C8D00AC6D5D /* Icon-60.png in Resources */,
				66E6DB2F1C3B352D004DF518 /* icon_visa.png in Resources */,
				661E95851D984B47001A62C3 /* AddNewSpendViewController.xib in Resources */,
				661E95921D98553B001A62C3 /* LGSpenderCellTableViewCell.xib in Resources */,
				6621B4E41CAC383E0066FC87 /* icon_amex.png in Resources */,
				66506A4A1CAC2C8D00AC6D5D /* Icon.png in Resources */,
				66506A461CAC2C8D00AC6D5D /* Icon-72.png in Resources */,
				66E6DAFA1C3B303D004DF518 /* Main.storyboard in Resources */,
			);
			runOnlyForDeploymentPostprocessing = 0;
		};
		66E6DB061C3B303D004DF518 /* Resources */ = {
			isa = PBXResourcesBuildPhase;
			buildActionMask = 2147483647;
			files = (
				661E95861D984B47001A62C3 /* AddNewSpendViewController.xib in Resources */,
				66E6DB301C3B352D004DF518 /* icon_visa.png in Resources */,
				661E95931D98553B001A62C3 /* LGSpenderCellTableViewCell.xib in Resources */,
				66A788A21D8D9F2D00E4B9E0 /* PrincipalViewController.xib in Resources */,
			);
			runOnlyForDeploymentPostprocessing = 0;
		};
		66E6DB111C3B303E004DF518 /* Resources */ = {
			isa = PBXResourcesBuildPhase;
			buildActionMask = 2147483647;
			files = (
				661E95871D984B47001A62C3 /* AddNewSpendViewController.xib in Resources */,
				66E6DB311C3B352D004DF518 /* icon_visa.png in Resources */,
				661E95941D98553B001A62C3 /* LGSpenderCellTableViewCell.xib in Resources */,
				66A788A31D8D9F2D00E4B9E0 /* PrincipalViewController.xib in Resources */,
			);
			runOnlyForDeploymentPostprocessing = 0;
		};
/* End PBXResourcesBuildPhase section */

/* Begin PBXSourcesBuildPhase section */
		66E6DAED1C3B303D004DF518 /* Sources */ = {
			isa = PBXSourcesBuildPhase;
			buildActionMask = 2147483647;
			files = (
				66335E8C1C6D221000EA43C2 /* Expenses.swift in Sources */,
				66A788A61D8D9F5100E4B9E0 /* PrincipalViewModel.swift in Sources */,
				661E958A1D984CB6001A62C3 /* AddNewSpendViewModel.swift in Sources */,
				66E6DB451C3C6BF2004DF518 /* LGExpense.swift in Sources */,
				661E958F1D98553B001A62C3 /* LGSpenderCellTableViewCell.swift in Sources */,
				66335E8B1C6D221000EA43C2 /* Expenses+CoreDataProperties.swift in Sources */,
				66A7889E1D8D9F2D00E4B9E0 /* PrincipalViewController.swift in Sources */,
				6621B4E81CAC39F20066FC87 /* ExpenseCalculator.swift in Sources */,
				666000841D9DD2BB00C216CC /* ResumenViewModel.swift in Sources */,
				666000811D9DD2A600C216CC /* ResumenViewController.swift in Sources */,
				66E6DAF51C3B303D004DF518 /* AppDelegate.swift in Sources */,
				66E6DAFD1C3B303D004DF518 /* sExpenses.xcdatamodeld in Sources */,
				66A788F11D97151500E4B9E0 /* LGGastosModel.swift in Sources */,
				661E95821D984B47001A62C3 /* AddNewSpendViewController.swift in Sources */,
			);
			runOnlyForDeploymentPostprocessing = 0;
		};
		66E6DB041C3B303D004DF518 /* Sources */ = {
			isa = PBXSourcesBuildPhase;
			buildActionMask = 2147483647;
			files = (
				66E6DB0D1C3B303E004DF518 /* sExpensesTests.swift in Sources */,
				661E958B1D984CB6001A62C3 /* AddNewSpendViewModel.swift in Sources */,
				66A788F21D97151500E4B9E0 /* LGGastosModel.swift in Sources */,
				6621B4E91CAC39F20066FC87 /* ExpenseCalculator.swift in Sources */,
				661E95901D98553B001A62C3 /* LGSpenderCellTableViewCell.swift in Sources */,
				66C0DBCA1D1987A4003F395B /* sExpenses.xcdatamodeld in Sources */,
				66C0DBCC1D19888B003F395B /* Expenses+CoreDataProperties.swift in Sources */,
				66A7889F1D8D9F2D00E4B9E0 /* PrincipalViewController.swift in Sources */,
				66A788A71D8D9F5100E4B9E0 /* PrincipalViewModel.swift in Sources */,
				66C0DBC81D1985DD003F395B /* Expenses.swift in Sources */,
				66E6DB461C3C6BF2004DF518 /* LGExpense.swift in Sources */,
				661E95831D984B47001A62C3 /* AddNewSpendViewController.swift in Sources */,
				66C0DBC41D18C5FD003F395B /* LGExpenseTests.swift in Sources */,
			);
			runOnlyForDeploymentPostprocessing = 0;
		};
		66E6DB0F1C3B303E004DF518 /* Sources */ = {
			isa = PBXSourcesBuildPhase;
			buildActionMask = 2147483647;
			files = (
				661E95841D984B47001A62C3 /* AddNewSpendViewController.swift in Sources */,
				66C0DBC91D198607003F395B /* Expenses.swift in Sources */,
				66A788F31D97151500E4B9E0 /* LGGastosModel.swift in Sources */,
				66C0DBCB1D1987A5003F395B /* sExpenses.xcdatamodeld in Sources */,
				661E95911D98553B001A62C3 /* LGSpenderCellTableViewCell.swift in Sources */,
				66A788A81D8D9F5100E4B9E0 /* PrincipalViewModel.swift in Sources */,
				66A788A01D8D9F2D00E4B9E0 /* PrincipalViewController.swift in Sources */,
				66E6DB471C3C6BF2004DF518 /* LGExpense.swift in Sources */,
				66C0DBCD1D19888B003F395B /* Expenses+CoreDataProperties.swift in Sources */,
				661E958C1D984CB6001A62C3 /* AddNewSpendViewModel.swift in Sources */,
			);
			runOnlyForDeploymentPostprocessing = 0;
		};
/* End PBXSourcesBuildPhase section */

/* Begin PBXTargetDependency section */
		66E6DB0A1C3B303D004DF518 /* PBXTargetDependency */ = {
			isa = PBXTargetDependency;
			target = 66E6DAF01C3B303D004DF518 /* sExpenses */;
			targetProxy = 66E6DB091C3B303D004DF518 /* PBXContainerItemProxy */;
		};
		66E6DB151C3B303E004DF518 /* PBXTargetDependency */ = {
			isa = PBXTargetDependency;
			target = 66E6DAF01C3B303D004DF518 /* sExpenses */;
			targetProxy = 66E6DB141C3B303E004DF518 /* PBXContainerItemProxy */;
		};
/* End PBXTargetDependency section */

/* Begin PBXVariantGroup section */
		66E6DAF81C3B303D004DF518 /* Main.storyboard */ = {
			isa = PBXVariantGroup;
			children = (
				66E6DAF91C3B303D004DF518 /* Base */,
			);
			name = Main.storyboard;
			sourceTree = "<group>";
		};
		66E6DB001C3B303D004DF518 /* LaunchScreen.storyboard */ = {
			isa = PBXVariantGroup;
			children = (
				66E6DB011C3B303D004DF518 /* Base */,
			);
			name = LaunchScreen.storyboard;
			sourceTree = "<group>";
		};
/* End PBXVariantGroup section */

/* Begin XCBuildConfiguration section */
		66E6DB1A1C3B303E004DF518 /* Debug */ = {
			isa = XCBuildConfiguration;
			buildSettings = {
				ALWAYS_SEARCH_USER_PATHS = NO;
				CLANG_CXX_LANGUAGE_STANDARD = "gnu++0x";
				CLANG_CXX_LIBRARY = "libc++";
				CLANG_ENABLE_MODULES = YES;
				CLANG_ENABLE_OBJC_ARC = YES;
				CLANG_WARN_BOOL_CONVERSION = YES;
				CLANG_WARN_CONSTANT_CONVERSION = YES;
				CLANG_WARN_DIRECT_OBJC_ISA_USAGE = YES_ERROR;
				CLANG_WARN_EMPTY_BODY = YES;
				CLANG_WARN_ENUM_CONVERSION = YES;
				CLANG_WARN_INFINITE_RECURSION = YES;
				CLANG_WARN_INT_CONVERSION = YES;
				CLANG_WARN_OBJC_ROOT_CLASS = YES_ERROR;
				CLANG_WARN_SUSPICIOUS_MOVE = YES;
				CLANG_WARN_UNREACHABLE_CODE = YES;
				CLANG_WARN__DUPLICATE_METHOD_MATCH = YES;
				CODE_SIGN_IDENTITY = "iPhone Developer: Ignacio Orona (SS5BYVHTZM)";
				"CODE_SIGN_IDENTITY[sdk=iphoneos*]" = "iPhone Developer: Ignacio Orona (SS5BYVHTZM)";
				COPY_PHASE_STRIP = NO;
				DEBUG_INFORMATION_FORMAT = dwarf;
				ENABLE_STRICT_OBJC_MSGSEND = YES;
				ENABLE_TESTABILITY = YES;
				GCC_C_LANGUAGE_STANDARD = gnu99;
				GCC_DYNAMIC_NO_PIC = NO;
				GCC_NO_COMMON_BLOCKS = YES;
				GCC_OPTIMIZATION_LEVEL = 0;
				GCC_PREPROCESSOR_DEFINITIONS = (
					"DEBUG=1",
					"$(inherited)",
				);
				GCC_WARN_64_TO_32_BIT_CONVERSION = YES;
				GCC_WARN_ABOUT_RETURN_TYPE = YES_ERROR;
				GCC_WARN_UNDECLARED_SELECTOR = YES;
				GCC_WARN_UNINITIALIZED_AUTOS = YES_AGGRESSIVE;
				GCC_WARN_UNUSED_FUNCTION = YES;
				GCC_WARN_UNUSED_VARIABLE = YES;
				IPHONEOS_DEPLOYMENT_TARGET = 9.0;
				MTL_ENABLE_DEBUG_INFO = YES;
				ONLY_ACTIVE_ARCH = YES;
				PROVISIONING_PROFILE = "8b292492-451c-48e0-a8b4-d3721d3c7549";
				SDKROOT = iphoneos;
				SWIFT_OPTIMIZATION_LEVEL = "-Onone";
				SWIFT_VERSION = 2.3;
			};
			name = Debug;
		};
		66E6DB1B1C3B303E004DF518 /* Release */ = {
			isa = XCBuildConfiguration;
			buildSettings = {
				ALWAYS_SEARCH_USER_PATHS = NO;
				CLANG_CXX_LANGUAGE_STANDARD = "gnu++0x";
				CLANG_CXX_LIBRARY = "libc++";
				CLANG_ENABLE_MODULES = YES;
				CLANG_ENABLE_OBJC_ARC = YES;
				CLANG_WARN_BOOL_CONVERSION = YES;
				CLANG_WARN_CONSTANT_CONVERSION = YES;
				CLANG_WARN_DIRECT_OBJC_ISA_USAGE = YES_ERROR;
				CLANG_WARN_EMPTY_BODY = YES;
				CLANG_WARN_ENUM_CONVERSION = YES;
				CLANG_WARN_INFINITE_RECURSION = YES;
				CLANG_WARN_INT_CONVERSION = YES;
				CLANG_WARN_OBJC_ROOT_CLASS = YES_ERROR;
				CLANG_WARN_SUSPICIOUS_MOVE = YES;
				CLANG_WARN_UNREACHABLE_CODE = YES;
				CLANG_WARN__DUPLICATE_METHOD_MATCH = YES;
				CODE_SIGN_IDENTITY = "iPhone Developer: Ignacio Orona (SS5BYVHTZM)";
				"CODE_SIGN_IDENTITY[sdk=iphoneos*]" = "iPhone Developer: Ignacio Orona (SS5BYVHTZM)";
				COPY_PHASE_STRIP = NO;
				DEBUG_INFORMATION_FORMAT = "dwarf-with-dsym";
				ENABLE_NS_ASSERTIONS = NO;
				ENABLE_STRICT_OBJC_MSGSEND = YES;
				GCC_C_LANGUAGE_STANDARD = gnu99;
				GCC_NO_COMMON_BLOCKS = YES;
				GCC_WARN_64_TO_32_BIT_CONVERSION = YES;
				GCC_WARN_ABOUT_RETURN_TYPE = YES_ERROR;
				GCC_WARN_UNDECLARED_SELECTOR = YES;
				GCC_WARN_UNINITIALIZED_AUTOS = YES_AGGRESSIVE;
				GCC_WARN_UNUSED_FUNCTION = YES;
				GCC_WARN_UNUSED_VARIABLE = YES;
				IPHONEOS_DEPLOYMENT_TARGET = 9.0;
				MTL_ENABLE_DEBUG_INFO = NO;
				PROVISIONING_PROFILE = "8b292492-451c-48e0-a8b4-d3721d3c7549";
				SDKROOT = iphoneos;
				SWIFT_OPTIMIZATION_LEVEL = "-Owholemodule";
				SWIFT_VERSION = 2.3;
				VALIDATE_PRODUCT = YES;
			};
			name = Release;
		};
		66E6DB1D1C3B303E004DF518 /* Debug */ = {
			isa = XCBuildConfiguration;
			buildSettings = {
				ALWAYS_EMBED_SWIFT_STANDARD_LIBRARIES = YES;
				ASSETCATALOG_COMPILER_APPICON_NAME = AppIcon;
				CLANG_ENABLE_MODULES = YES;
				CODE_SIGN_IDENTITY = "iPhone Developer: Ignacio Orona (SS5BYVHTZM)";
				"CODE_SIGN_IDENTITY[sdk=iphoneos*]" = "iPhone Developer: Ignacio Orona (SS5BYVHTZM)";
				INFOPLIST_FILE = sExpenses/Info.plist;
				IPHONEOS_DEPLOYMENT_TARGET = 8.0;
				LD_RUNPATH_SEARCH_PATHS = "$(inherited) @executable_path/Frameworks";
				PRODUCT_BUNDLE_IDENTIFIER = com.landhgames.expensecalc;
				PRODUCT_NAME = "$(TARGET_NAME)";
				PROVISIONING_PROFILE = "8b292492-451c-48e0-a8b4-d3721d3c7549";
				SWIFT_OPTIMIZATION_LEVEL = "-Onone";
				SWIFT_VERSION = 2.3;
			};
			name = Debug;
		};
		66E6DB1E1C3B303E004DF518 /* Release */ = {
			isa = XCBuildConfiguration;
			buildSettings = {
				ALWAYS_EMBED_SWIFT_STANDARD_LIBRARIES = YES;
				ASSETCATALOG_COMPILER_APPICON_NAME = AppIcon;
				CLANG_ENABLE_MODULES = YES;
				CODE_SIGN_IDENTITY = "iPhone Developer: Ignacio Orona (SS5BYVHTZM)";
				"CODE_SIGN_IDENTITY[sdk=iphoneos*]" = "";
				INFOPLIST_FILE = sExpenses/Info.plist;
				IPHONEOS_DEPLOYMENT_TARGET = 8.0;
				LD_RUNPATH_SEARCH_PATHS = "$(inherited) @executable_path/Frameworks";
				PRODUCT_BUNDLE_IDENTIFIER = com.landhgames.expensecalc;
				PRODUCT_NAME = "$(TARGET_NAME)";
				PROVISIONING_PROFILE = "8b292492-451c-48e0-a8b4-d3721d3c7549";
				SWIFT_VERSION = 2.3;
			};
			name = Release;
		};
		66E6DB201C3B303E004DF518 /* Debug */ = {
			isa = XCBuildConfiguration;
			buildSettings = {
				BUNDLE_LOADER = "$(TEST_HOST)";
				CLANG_ENABLE_MODULES = YES;
				INFOPLIST_FILE = sExpensesTests/Info.plist;
				LD_RUNPATH_SEARCH_PATHS = "$(inherited) @executable_path/Frameworks @loader_path/Frameworks";
				PRODUCT_BUNDLE_IDENTIFIER = landhgames.sExpensesTests;
				PRODUCT_NAME = "$(TARGET_NAME)";
				SWIFT_OPTIMIZATION_LEVEL = "-Onone";
				SWIFT_VERSION = 2.3;
				TEST_HOST = "$(BUILT_PRODUCTS_DIR)/sExpenses.app/sExpenses";
			};
			name = Debug;
		};
		66E6DB211C3B303E004DF518 /* Release */ = {
			isa = XCBuildConfiguration;
			buildSettings = {
				BUNDLE_LOADER = "$(TEST_HOST)";
				CLANG_ENABLE_MODULES = YES;
				INFOPLIST_FILE = sExpensesTests/Info.plist;
				LD_RUNPATH_SEARCH_PATHS = "$(inherited) @executable_path/Frameworks @loader_path/Frameworks";
				PRODUCT_BUNDLE_IDENTIFIER = landhgames.sExpensesTests;
				PRODUCT_NAME = "$(TARGET_NAME)";
				SWIFT_VERSION = 2.3;
				TEST_HOST = "$(BUILT_PRODUCTS_DIR)/sExpenses.app/sExpenses";
			};
			name = Release;
		};
		66E6DB231C3B303E004DF518 /* Debug */ = {
			isa = XCBuildConfiguration;
			buildSettings = {
				CLANG_ENABLE_MODULES = YES;
				INFOPLIST_FILE = sExpensesUITests/Info.plist;
				LD_RUNPATH_SEARCH_PATHS = "$(inherited) @executable_path/Frameworks @loader_path/Frameworks";
				PRODUCT_BUNDLE_IDENTIFIER = landhgames.sExpensesUITests;
				PRODUCT_NAME = "$(TARGET_NAME)";
				SWIFT_OPTIMIZATION_LEVEL = "-Onone";
				SWIFT_VERSION = 2.3;
				TEST_TARGET_NAME = sExpenses;
				USES_XCTRUNNER = YES;
			};
			name = Debug;
		};
		66E6DB241C3B303E004DF518 /* Release */ = {
			isa = XCBuildConfiguration;
			buildSettings = {
				CLANG_ENABLE_MODULES = YES;
				INFOPLIST_FILE = sExpensesUITests/Info.plist;
				LD_RUNPATH_SEARCH_PATHS = "$(inherited) @executable_path/Frameworks @loader_path/Frameworks";
				PRODUCT_BUNDLE_IDENTIFIER = landhgames.sExpensesUITests;
				PRODUCT_NAME = "$(TARGET_NAME)";
				SWIFT_VERSION = 2.3;
				TEST_TARGET_NAME = sExpenses;
				USES_XCTRUNNER = YES;
			};
			name = Release;
		};
/* End XCBuildConfiguration section */

/* Begin XCConfigurationList section */
		66E6DAEC1C3B303D004DF518 /* Build configuration list for PBXProject "sExpenses" */ = {
			isa = XCConfigurationList;
			buildConfigurations = (
				66E6DB1A1C3B303E004DF518 /* Debug */,
				66E6DB1B1C3B303E004DF518 /* Release */,
			);
			defaultConfigurationIsVisible = 0;
			defaultConfigurationName = Release;
		};
		66E6DB1C1C3B303E004DF518 /* Build configuration list for PBXNativeTarget "sExpenses" */ = {
			isa = XCConfigurationList;
			buildConfigurations = (
				66E6DB1D1C3B303E004DF518 /* Debug */,
				66E6DB1E1C3B303E004DF518 /* Release */,
			);
			defaultConfigurationIsVisible = 0;
			defaultConfigurationName = Release;
		};
		66E6DB1F1C3B303E004DF518 /* Build configuration list for PBXNativeTarget "sExpensesTests" */ = {
			isa = XCConfigurationList;
			buildConfigurations = (
				66E6DB201C3B303E004DF518 /* Debug */,
				66E6DB211C3B303E004DF518 /* Release */,
			);
			defaultConfigurationIsVisible = 0;
			defaultConfigurationName = Release;
		};
		66E6DB221C3B303E004DF518 /* Build configuration list for PBXNativeTarget "sExpensesUITests" */ = {
			isa = XCConfigurationList;
			buildConfigurations = (
				66E6DB231C3B303E004DF518 /* Debug */,
				66E6DB241C3B303E004DF518 /* Release */,
			);
			defaultConfigurationIsVisible = 0;
			defaultConfigurationName = Release;
		};
/* End XCConfigurationList section */

/* Begin XCVersionGroup section */
		66E6DAFB1C3B303D004DF518 /* sExpenses.xcdatamodeld */ = {
			isa = XCVersionGroup;
			children = (
				66E6DAFC1C3B303D004DF518 /* sExpenses.xcdatamodel */,
			);
			currentVersion = 66E6DAFC1C3B303D004DF518 /* sExpenses.xcdatamodel */;
			path = sExpenses.xcdatamodeld;
			sourceTree = "<group>";
			versionGroupType = wrapper.xcdatamodel;
		};
/* End XCVersionGroup section */
	};
	rootObject = 66E6DAE91C3B303D004DF518 /* Project object */;
}
